{
    "_meta": {
        "hash": {
            "sha256": "bc6fa762eea16f98c4509fe08c324069dadf661722388eb1478e614fe7318b04"
        },
        "pipfile-spec": 6,
        "requires": {},
        "sources": [
            {
                "name": "pypi",
                "url": "https://pypi.org/simple",
                "verify_ssl": true
            }
        ]
    },
    "default": {
        "dbus-python": {
            "hashes": [
                "sha256:abf12bbb765e300bf8e2a1b2f32f85949eab06998dbda127952c31cb63957b6f"
            ],
            "index": "pypi",
            "version": "==1.2.8"
        },
        "toml": {
            "hashes": [
                "sha256:229f81c57791a41d65e399fc06bf0848bab550a9dfd5ed66df18ce5f05e73d5c",
                "sha256:235682dd292d5899d361a811df37e04a8828a5b1da3115886b73cf81ebc9100e"
            ],
            "index": "pypi",
            "version": "==0.10.0"
        }
    },
    "develop": {}
}
